
Microsoft Visual Studio Solution File, Format Version 11.00
# Visual Studio 2010
Project("{FAE04EC0-301F-11D3-BF4B-00C04F79EFBC}") = "TubsWeb", "TubsWeb\TubsWeb.csproj", "{EB25CF8D-3C52-47D7-AF85-BEC5902702F6}"
EndProject
Project("{FAE04EC0-301F-11D3-BF4B-00C04F79EFBC}") = "PivotViewerApp", "PivotViewerApp\PivotViewerApp.csproj", "{5980C976-9BA4-481D-9727-D50670C3A02B}"
EndProject
Global
	GlobalSection(SolutionConfigurationPlatforms) = preSolution
		Debug|Any CPU = Debug|Any CPU
		Release|Any CPU = Release|Any CPU
		Release-Forms-Security|Any CPU = Release-Forms-Security|Any CPU
	EndGlobalSection
	GlobalSection(ProjectConfigurationPlatforms) = postSolution
		{EB25CF8D-3C52-47D7-AF85-BEC5902702F6}.Debug|Any CPU.ActiveCfg = Debug|Any CPU
		{EB25CF8D-3C52-47D7-AF85-BEC5902702F6}.Debug|Any CPU.Build.0 = Debug|Any CPU
		{EB25CF8D-3C52-47D7-AF85-BEC5902702F6}.Release|Any CPU.ActiveCfg = Release|Any CPU
		{EB25CF8D-3C52-47D7-AF85-BEC5902702F6}.Release|Any CPU.Build.0 = Release|Any CPU
		{EB25CF8D-3C52-47D7-AF85-BEC5902702F6}.Release-Forms-Security|Any CPU.ActiveCfg = Release-Forms-Security|Any CPU
		{EB25CF8D-3C52-47D7-AF85-BEC5902702F6}.Release-Forms-Security|Any CPU.Build.0 = Release-Forms-Security|Any CPU
		{5980C976-9BA4-481D-9727-D50670C3A02B}.Debug|Any CPU.ActiveCfg = Debug|Any CPU
		{5980C976-9BA4-481D-9727-D50670C3A02B}.Debug|Any CPU.Build.0 = Debug|Any CPU
		{5980C976-9BA4-481D-9727-D50670C3A02B}.Release|Any CPU.ActiveCfg = Release|Any CPU
		{5980C976-9BA4-481D-9727-D50670C3A02B}.Release|Any CPU.Build.0 = Release|Any CPU
		{5980C976-9BA4-481D-9727-D50670C3A02B}.Release-Forms-Security|Any CPU.ActiveCfg = Release|Any CPU
		{5980C976-9BA4-481D-9727-D50670C3A02B}.Release-Forms-Security|Any CPU.Build.0 = Release|Any CPU
	EndGlobalSection
	GlobalSection(SolutionProperties) = preSolution
		HideSolutionNode = FALSE
	EndGlobalSection
EndGlobal
